
Microsoft Visual Studio Solution File, Format Version 12.00
# Visual Studio Version 17
VisualStudioVersion = 17.7.34221.43
MinimumVisualStudioVersion = 10.0.40219.1
Project("{FAE04EC0-301F-11D3-BF4B-00C04F79EFBC}") = "arbiZaqRateGetter", "arbiZaqRateGetter\arbiZaqRateGetter.csproj", "{857ADA40-06CE-4793-84CD-5AC43A2941B4}"
EndProject
Global
	GlobalSection(SolutionConfigurationPlatforms) = preSolution
		Debug|Any CPU = Debug|Any CPU
		Release|Any CPU = Release|Any CPU
	EndGlobalSection
	GlobalSection(ProjectConfigurationPlatforms) = postSolution
		{857ADA40-06CE-4793-84CD-5AC43A2941B4}.Debug|Any CPU.ActiveCfg = Debug|Any CPU
		{857ADA40-06CE-4793-84CD-5AC43A2941B4}.Debug|Any CPU.Build.0 = Debug|Any CPU
		{857ADA40-06CE-4793-84CD-5AC43A2941B4}.Release|Any CPU.ActiveCfg = Release|Any CPU
		{857ADA40-06CE-4793-84CD-5AC43A2941B4}.Release|Any CPU.Build.0 = Release|Any CPU
	EndGlobalSection
	GlobalSection(SolutionProperties) = preSolution
		HideSolutionNode = FALSE
	EndGlobalSection
	GlobalSection(ExtensibilityGlobals) = postSolution
		SolutionGuid = {8A51D511-D97A-4882-8704-2F63625FE688}
	EndGlobalSection
EndGlobal
